
Microsoft Visual Studio Solution File, Format Version 12.00
# Visual Studio Version 17
VisualStudioVersion = 17.14.36408.4 d17.14
MinimumVisualStudioVersion = 10.0.40219.1
Project("{FAE04EC0-301F-11D3-BF4B-00C04F79EFBC}") = "GameProgramming_TriviaGame_GabeRyan", "GameProgramming_TriviaGame_GabeRyan\GameProgramming_TriviaGame_GabeRyan.csproj", "{B2982AB3-38F4-4E62-AE48-3FC370F0E796}"
EndProject
Global
	GlobalSection(SolutionConfigurationPlatforms) = preSolution
		Debug|Any CPU = Debug|Any CPU
		Release|Any CPU = Release|Any CPU
	EndGlobalSection
	GlobalSection(ProjectConfigurationPlatforms) = postSolution
		{B2982AB3-38F4-4E62-AE48-3FC370F0E796}.Debug|Any CPU.ActiveCfg = Debug|Any CPU
		{B2982AB3-38F4-4E62-AE48-3FC370F0E796}.Debug|Any CPU.Build.0 = Debug|Any CPU
		{B2982AB3-38F4-4E62-AE48-3FC370F0E796}.Release|Any CPU.ActiveCfg = Release|Any CPU
		{B2982AB3-38F4-4E62-AE48-3FC370F0E796}.Release|Any CPU.Build.0 = Release|Any CPU
	EndGlobalSection
	GlobalSection(SolutionProperties) = preSolution
		HideSolutionNode = FALSE
	EndGlobalSection
	GlobalSection(ExtensibilityGlobals) = postSolution
		SolutionGuid = {E0B293FD-18D2-4DEE-B493-65E085B35584}
	EndGlobalSection
EndGlobal
